// !$*UTF8*$!
{
	archiveVersion = 1;
	classes = {
	};
	objectVersion = 55;
	objects = {

/* Begin PBXBuildFile section */
		CB26E15B27811E6400CA2098 /* main.cpp in Sources */ = {isa = PBXBuildFile; fileRef = CB26E15A27811E6400CA2098 /* main.cpp */; };
		CB26E163278121D800CA2098 /* libvulkan.1.2.198.dylib in Frameworks */ = {isa = PBXBuildFile; fileRef = CB26E162278121D800CA2098 /* libvulkan.1.2.198.dylib */; };
		CB26E165278121DF00CA2098 /* libvulkan.1.dylib in Frameworks */ = {isa = PBXBuildFile; fileRef = CB26E164278121DF00CA2098 /* libvulkan.1.dylib */; };
		CB26E1672781239500CA2098 /* libglfw.3.3.dylib in Frameworks */ = {isa = PBXBuildFile; fileRef = CB26E1662781239500CA2098 /* libglfw.3.3.dylib */; };
		CB26E168278123B400CA2098 /* libglfw.3.3.dylib in CopyFiles */ = {isa = PBXBuildFile; fileRef = CB26E1662781239500CA2098 /* libglfw.3.3.dylib */; settings = {ATTRIBUTES = (CodeSignOnCopy, ); }; };
		CB26E169278123B400CA2098 /* libvulkan.1.dylib in CopyFiles */ = {isa = PBXBuildFile; fileRef = CB26E164278121DF00CA2098 /* libvulkan.1.dylib */; settings = {ATTRIBUTES = (CodeSignOnCopy, ); }; };
		CB26E16A278123B400CA2098 /* libvulkan.1.2.198.dylib in CopyFiles */ = {isa = PBXBuildFile; fileRef = CB26E162278121D800CA2098 /* libvulkan.1.2.198.dylib */; settings = {ATTRIBUTES = (CodeSignOnCopy, ); }; };
/* End PBXBuildFile section */

/* Begin PBXCopyFilesBuildPhase section */
		CB26E15527811E6400CA2098 /* CopyFiles */ = {
			isa = PBXCopyFilesBuildPhase;
			buildActionMask = 12;
			dstPath = "";
			dstSubfolderSpec = 10;
			files = (
				CB26E168278123B400CA2098 /* libglfw.3.3.dylib in CopyFiles */,
				CB26E169278123B400CA2098 /* libvulkan.1.dylib in CopyFiles */,
				CB26E16A278123B400CA2098 /* libvulkan.1.2.198.dylib in CopyFiles */,
			);
			runOnlyForDeploymentPostprocessing = 0;
		};
/* End PBXCopyFilesBuildPhase section */

/* Begin PBXFileReference section */
		CB26E15727811E6400CA2098 /* VulkanTesting */ = {isa = PBXFileReference; explicitFileType = "compiled.mach-o.executable"; includeInIndex = 0; path = VulkanTesting; sourceTree = BUILT_PRODUCTS_DIR; };
		CB26E15A27811E6400CA2098 /* main.cpp */ = {isa = PBXFileReference; lastKnownFileType = sourcecode.cpp.cpp; path = main.cpp; sourceTree = "<group>"; };
		CB26E162278121D800CA2098 /* libvulkan.1.2.198.dylib */ = {isa = PBXFileReference; lastKnownFileType = "compiled.mach-o.dylib"; name = libvulkan.1.2.198.dylib; path = ../../../VulkanSDK/1.2.198.1/macOS/lib/libvulkan.1.2.198.dylib; sourceTree = "<group>"; };
		CB26E164278121DF00CA2098 /* libvulkan.1.dylib */ = {isa = PBXFileReference; lastKnownFileType = "compiled.mach-o.dylib"; name = libvulkan.1.dylib; path = ../../../VulkanSDK/1.2.198.1/macOS/lib/libvulkan.1.dylib; sourceTree = "<group>"; };
		CB26E1662781239500CA2098 /* libglfw.3.3.dylib */ = {isa = PBXFileReference; lastKnownFileType = "compiled.mach-o.dylib"; name = libglfw.3.3.dylib; path = ../../../../../opt/homebrew/Cellar/glfw/3.3.6/lib/libglfw.3.3.dylib; sourceTree = "<group>"; };
/* End PBXFileReference section */

/* Begin PBXFrameworksBuildPhase section */
		CB26E15427811E6400CA2098 /* Frameworks */ = {
			isa = PBXFrameworksBuildPhase;
			buildActionMask = 2147483647;
			files = (
				CB26E163278121D800CA2098 /* libvulkan.1.2.198.dylib in Frameworks */,
				CB26E165278121DF00CA2098 /* libvulkan.1.dylib in Frameworks */,
				CB26E1672781239500CA2098 /* libglfw.3.3.dylib in Frameworks */,
			);
			runOnlyForDeploymentPostprocessing = 0;
		};
/* End PBXFrameworksBuildPhase section */

/* Begin PBXGroup section */
		CB26E14E27811E6400CA2098 = {
			isa = PBXGroup;
			children = (
				CB26E15927811E6400CA2098 /* VulkanTesting */,
				CB26E15827811E6400CA2098 /* Products */,
				CB26E161278121D800CA2098 /* Frameworks */,
			);
			sourceTree = "<group>";
		};
		CB26E15827811E6400CA2098 /* Products */ = {
			isa = PBXGroup;
			children = (
				CB26E15727811E6400CA2098 /* VulkanTesting */,
			);
			name = Products;
			sourceTree = "<group>";
		};
		CB26E15927811E6400CA2098 /* VulkanTesting */ = {
			isa = PBXGroup;
			children = (
				CB26E15A27811E6400CA2098 /* main.cpp */,
			);
			path = VulkanTesting;
			sourceTree = "<group>";
		};
		CB26E161278121D800CA2098 /* Frameworks */ = {
			isa = PBXGroup;
			children = (
				CB26E1662781239500CA2098 /* libglfw.3.3.dylib */,
				CB26E164278121DF00CA2098 /* libvulkan.1.dylib */,
				CB26E162278121D800CA2098 /* libvulkan.1.2.198.dylib */,
			);
			name = Frameworks;
			sourceTree = "<group>";
		};
/* End PBXGroup section */

/* Begin PBXNativeTarget section */
		CB26E15627811E6400CA2098 /* VulkanTesting */ = {
			isa = PBXNativeTarget;
			buildConfigurationList = CB26E15E27811E6400CA2098 /* Build configuration list for PBXNativeTarget "VulkanTesting" */;
			buildPhases = (
				CB26E15327811E6400CA2098 /* Sources */,
				CB26E15427811E6400CA2098 /* Frameworks */,
				CB26E15527811E6400CA2098 /* CopyFiles */,
			);
			buildRules = (
			);
			dependencies = (
			);
			name = VulkanTesting;
			productName = VulkanTesting;
			productReference = CB26E15727811E6400CA2098 /* VulkanTesting */;
			productType = "com.apple.product-type.tool";
		};
/* End PBXNativeTarget section */

/* Begin PBXProject section */
		CB26E14F27811E6400CA2098 /* Project object */ = {
			isa = PBXProject;
			attributes = {
				BuildIndependentTargetsInParallel = 1;
				LastUpgradeCheck = 1320;
				TargetAttributes = {
					CB26E15627811E6400CA2098 = {
						CreatedOnToolsVersion = 13.2.1;
					};
				};
			};
			buildConfigurationList = CB26E15227811E6400CA2098 /* Build configuration list for PBXProject "VulkanTesting" */;
			compatibilityVersion = "Xcode 13.0";
			developmentRegion = en;
			hasScannedForEncodings = 0;
			knownRegions = (
				en,
				Base,
			);
			mainGroup = CB26E14E27811E6400CA2098;
			productRefGroup = CB26E15827811E6400CA2098 /* Products */;
			projectDirPath = "";
			projectRoot = "";
			targets = (
				CB26E15627811E6400CA2098 /* VulkanTesting */,
			);
		};
/* End PBXProject section */

/* Begin PBXSourcesBuildPhase section */
		CB26E15327811E6400CA2098 /* Sources */ = {
			isa = PBXSourcesBuildPhase;
			buildActionMask = 2147483647;
			files = (
				CB26E15B27811E6400CA2098 /* main.cpp in Sources */,
			);
			runOnlyForDeploymentPostprocessing = 0;
		};
/* End PBXSourcesBuildPhase section */

/* Begin XCBuildConfiguration section */
		CB26E15C27811E6400CA2098 /* Debug */ = {
			isa = XCBuildConfiguration;
			buildSettings = {
				ALWAYS_SEARCH_USER_PATHS = NO;
				CLANG_ANALYZER_NONNULL = YES;
				CLANG_ANALYZER_NUMBER_OBJECT_CONVERSION = YES_AGGRESSIVE;
				CLANG_CXX_LANGUAGE_STANDARD = "gnu++17";
				CLANG_CXX_LIBRARY = "libc++";
				CLANG_ENABLE_MODULES = YES;
				CLANG_ENABLE_OBJC_ARC = YES;
				CLANG_ENABLE_OBJC_WEAK = YES;
				CLANG_WARN_BLOCK_CAPTURE_AUTORELEASING = YES;
				CLANG_WARN_BOOL_CONVERSION = YES;
				CLANG_WARN_COMMA = YES;
				CLANG_WARN_CONSTANT_CONVERSION = YES;
				CLANG_WARN_DEPRECATED_OBJC_IMPLEMENTATIONS = YES;
				CLANG_WARN_DIRECT_OBJC_ISA_USAGE = YES_ERROR;
				CLANG_WARN_DOCUMENTATION_COMMENTS = YES;
				CLANG_WARN_EMPTY_BODY = YES;
				CLANG_WARN_ENUM_CONVERSION = YES;
				CLANG_WARN_INFINITE_RECURSION = YES;
				CLANG_WARN_INT_CONVERSION = YES;
				CLANG_WARN_NON_LITERAL_NULL_CONVERSION = YES;
				CLANG_WARN_OBJC_IMPLICIT_RETAIN_SELF = YES;
				CLANG_WARN_OBJC_LITERAL_CONVERSION = YES;
				CLANG_WARN_OBJC_ROOT_CLASS = YES_ERROR;
				CLANG_WARN_QUOTED_INCLUDE_IN_FRAMEWORK_HEADER = YES;
				CLANG_WARN_RANGE_LOOP_ANALYSIS = YES;
				CLANG_WARN_STRICT_PROTOTYPES = YES;
				CLANG_WARN_SUSPICIOUS_MOVE = YES;
				CLANG_WARN_UNGUARDED_AVAILABILITY = YES_AGGRESSIVE;
				CLANG_WARN_UNREACHABLE_CODE = YES;
				CLANG_WARN__DUPLICATE_METHOD_MATCH = YES;
				COPY_PHASE_STRIP = NO;
				DEBUG_INFORMATION_FORMAT = dwarf;
				ENABLE_STRICT_OBJC_MSGSEND = YES;
				ENABLE_TESTABILITY = YES;
				GCC_C_LANGUAGE_STANDARD = gnu11;
				GCC_DYNAMIC_NO_PIC = NO;
				GCC_NO_COMMON_BLOCKS = YES;
				GCC_OPTIMIZATION_LEVEL = 0;
				GCC_PREPROCESSOR_DEFINITIONS = (
					"DEBUG=1",
					"$(inherited)",
				);
				GCC_WARN_64_TO_32_BIT_CONVERSION = YES;
				GCC_WARN_ABOUT_RETURN_TYPE = YES_ERROR;
				GCC_WARN_UNDECLARED_SELECTOR = YES;
				GCC_WARN_UNINITIALIZED_AUTOS = YES_AGGRESSIVE;
				GCC_WARN_UNUSED_FUNCTION = YES;
				GCC_WARN_UNUSED_VARIABLE = YES;
				MACOSX_DEPLOYMENT_TARGET = 12.1;
				MTL_ENABLE_DEBUG_INFO = INCLUDE_SOURCE;
				MTL_FAST_MATH = YES;
				ONLY_ACTIVE_ARCH = YES;
				SDKROOT = macosx;
			};
			name = Debug;
		};
		CB26E15D27811E6400CA2098 /* Release */ = {
			isa = XCBuildConfiguration;
			buildSettings = {
				ALWAYS_SEARCH_USER_PATHS = NO;
				CLANG_ANALYZER_NONNULL = YES;
				CLANG_ANALYZER_NUMBER_OBJECT_CONVERSION = YES_AGGRESSIVE;
				CLANG_CXX_LANGUAGE_STANDARD = "gnu++17";
				CLANG_CXX_LIBRARY = "libc++";
				CLANG_ENABLE_MODULES = YES;
				CLANG_ENABLE_OBJC_ARC = YES;
				CLANG_ENABLE_OBJC_WEAK = YES;
				CLANG_WARN_BLOCK_CAPTURE_AUTORELEASING = YES;
				CLANG_WARN_BOOL_CONVERSION = YES;
				CLANG_WARN_COMMA = YES;
				CLANG_WARN_CONSTANT_CONVERSION = YES;
				CLANG_WARN_DEPRECATED_OBJC_IMPLEMENTATIONS = YES;
				CLANG_WARN_DIRECT_OBJC_ISA_USAGE = YES_ERROR;
				CLANG_WARN_DOCUMENTATION_COMMENTS = YES;
				CLANG_WARN_EMPTY_BODY = YES;
				CLANG_WARN_ENUM_CONVERSION = YES;
				CLANG_WARN_INFINITE_RECURSION = YES;
				CLANG_WARN_INT_CONVERSION = YES;
				CLANG_WARN_NON_LITERAL_NULL_CONVERSION = YES;
				CLANG_WARN_OBJC_IMPLICIT_RETAIN_SELF = YES;
				CLANG_WARN_OBJC_LITERAL_CONVERSION = YES;
				CLANG_WARN_OBJC_ROOT_CLASS = YES_ERROR;
				CLANG_WARN_QUOTED_INCLUDE_IN_FRAMEWORK_HEADER = YES;
				CLANG_WARN_RANGE_LOOP_ANALYSIS = YES;
				CLANG_WARN_STRICT_PROTOTYPES = YES;
				CLANG_WARN_SUSPICIOUS_MOVE = YES;
				CLANG_WARN_UNGUARDED_AVAILABILITY = YES_AGGRESSIVE;
				CLANG_WARN_UNREACHABLE_CODE = YES;
				CLANG_WARN__DUPLICATE_METHOD_MATCH = YES;
				COPY_PHASE_STRIP = NO;
				DEBUG_INFORMATION_FORMAT = "dwarf-with-dsym";
				ENABLE_NS_ASSERTIONS = NO;
				ENABLE_STRICT_OBJC_MSGSEND = YES;
				GCC_C_LANGUAGE_STANDARD = gnu11;
				GCC_NO_COMMON_BLOCKS = YES;
				GCC_WARN_64_TO_32_BIT_CONVERSION = YES;
				GCC_WARN_ABOUT_RETURN_TYPE = YES_ERROR;
				GCC_WARN_UNDECLARED_SELECTOR = YES;
				GCC_WARN_UNINITIALIZED_AUTOS = YES_AGGRESSIVE;
				GCC_WARN_UNUSED_FUNCTION = YES;
				GCC_WARN_UNUSED_VARIABLE = YES;
				MACOSX_DEPLOYMENT_TARGET = 12.1;
				MTL_ENABLE_DEBUG_INFO = NO;
				MTL_FAST_MATH = YES;
				SDKROOT = macosx;
			};
			name = Release;
		};
		CB26E15F27811E6400CA2098 /* Debug */ = {
			isa = XCBuildConfiguration;
			buildSettings = {
				CODE_SIGN_STYLE = Automatic;
				HEADER_SEARCH_PATHS = (
					/opt/homebrew/include,
					/Users/sunkev/VulkanSDK/1.2.198.1/macOS/include,
				);
				LIBRARY_SEARCH_PATHS = (
					/Users/sunkev/VulkanSDK/1.2.198.1/macOS/lib,
					/opt/homebrew/lib,
					/opt/homebrew/Cellar/glfw/3.3.6/lib,
				);
				PRODUCT_NAME = "$(TARGET_NAME)";
			};
			name = Debug;
		};
		CB26E16027811E6400CA2098 /* Release */ = {
			isa = XCBuildConfiguration;
			buildSettings = {
				CODE_SIGN_STYLE = Automatic;
				HEADER_SEARCH_PATHS = (
					/opt/homebrew/include,
					/Users/sunkev/VulkanSDK/1.2.198.1/macOS/include,
				);
				LIBRARY_SEARCH_PATHS = (
					/Users/sunkev/VulkanSDK/1.2.198.1/macOS/lib,
					/opt/homebrew/lib,
					/opt/homebrew/Cellar/glfw/3.3.6/lib,
				);
				PRODUCT_NAME = "$(TARGET_NAME)";
			};
			name = Release;
		};
/* End XCBuildConfiguration section */

/* Begin XCConfigurationList section */
		CB26E15227811E6400CA2098 /* Build configuration list for PBXProject "VulkanTesting" */ = {
			isa = XCConfigurationList;
			buildConfigurations = (
				CB26E15C27811E6400CA2098 /* Debug */,
				CB26E15D27811E6400CA2098 /* Release */,
			);
			defaultConfigurationIsVisible = 0;
			defaultConfigurationName = Release;
		};
		CB26E15E27811E6400CA2098 /* Build configuration list for PBXNativeTarget "VulkanTesting" */ = {
			isa = XCConfigurationList;
			buildConfigurations = (
				CB26E15F27811E6400CA2098 /* Debug */,
				CB26E16027811E6400CA2098 /* Release */,
			);
			defaultConfigurationIsVisible = 0;
			defaultConfigurationName = Release;
		};
/* End XCConfigurationList section */
	};
	rootObject = CB26E14F27811E6400CA2098 /* Project object */;
}
